
Microsoft Visual Studio Solution File, Format Version 12.00
# Visual Studio Version 17
VisualStudioVersion = 17.1.32210.238
MinimumVisualStudioVersion = 10.0.40219.1
Project("{9A19103F-16F7-4668-BE54-9A1E7A4F7556}") = "ModuloServicosCliente.Workers", "ModuloServicosClienteWorker\ModuloServicosCliente.Workers.csproj", "{325CF797-1EE0-47C1-B2AF-8CC6F42EAFBD}"
EndProject
Project("{9A19103F-16F7-4668-BE54-9A1E7A4F7556}") = "ModuloServicosCliente.Infra", "ModuloServicosClienteWorker.Infra\ModuloServicosCliente.Infra.csproj", "{9BE56B39-F4CC-4CC7-B7B6-038FC9B655C9}"
EndProject
Project("{FAE04EC0-301F-11D3-BF4B-00C04F79EFBC}") = "ModuloServicosCliente.API", "ModuloServicosCliente.API\ModuloServicosCliente.API.csproj", "{B2D5EC5D-59D0-4A64-ACA2-BEF5A52FC982}"
EndProject
Global
	GlobalSection(SolutionConfigurationPlatforms) = preSolution
		Debug|Any CPU = Debug|Any CPU
		Release|Any CPU = Release|Any CPU
	EndGlobalSection
	GlobalSection(ProjectConfigurationPlatforms) = postSolution
		{325CF797-1EE0-47C1-B2AF-8CC6F42EAFBD}.Debug|Any CPU.ActiveCfg = Debug|Any CPU
		{325CF797-1EE0-47C1-B2AF-8CC6F42EAFBD}.Debug|Any CPU.Build.0 = Debug|Any CPU
		{325CF797-1EE0-47C1-B2AF-8CC6F42EAFBD}.Release|Any CPU.ActiveCfg = Release|Any CPU
		{325CF797-1EE0-47C1-B2AF-8CC6F42EAFBD}.Release|Any CPU.Build.0 = Release|Any CPU
		{9BE56B39-F4CC-4CC7-B7B6-038FC9B655C9}.Debug|Any CPU.ActiveCfg = Debug|Any CPU
		{9BE56B39-F4CC-4CC7-B7B6-038FC9B655C9}.Debug|Any CPU.Build.0 = Debug|Any CPU
		{9BE56B39-F4CC-4CC7-B7B6-038FC9B655C9}.Release|Any CPU.ActiveCfg = Release|Any CPU
		{9BE56B39-F4CC-4CC7-B7B6-038FC9B655C9}.Release|Any CPU.Build.0 = Release|Any CPU
		{B2D5EC5D-59D0-4A64-ACA2-BEF5A52FC982}.Debug|Any CPU.ActiveCfg = Debug|Any CPU
		{B2D5EC5D-59D0-4A64-ACA2-BEF5A52FC982}.Debug|Any CPU.Build.0 = Debug|Any CPU
		{B2D5EC5D-59D0-4A64-ACA2-BEF5A52FC982}.Release|Any CPU.ActiveCfg = Release|Any CPU
		{B2D5EC5D-59D0-4A64-ACA2-BEF5A52FC982}.Release|Any CPU.Build.0 = Release|Any CPU
	EndGlobalSection
	GlobalSection(SolutionProperties) = preSolution
		HideSolutionNode = FALSE
	EndGlobalSection
	GlobalSection(ExtensibilityGlobals) = postSolution
		SolutionGuid = {EF2C071B-E738-4487-8C54-6D3DD36599CF}
	EndGlobalSection
EndGlobal
