
Microsoft Visual Studio Solution File, Format Version 12.00
# Visual Studio Version 17
VisualStudioVersion = 17.1.32210.238
MinimumVisualStudioVersion = 10.0.40219.1
Project("{9A19103F-16F7-4668-BE54-9A1E7A4F7556}") = "ModuloInformacoesCadastrais.Domain", "ModuloInformacoesCadastrais.Domain\ModuloInformacoesCadastrais.Domain.csproj", "{EB0E0FB0-7DB9-435E-8101-2BA849CE9CAE}"
EndProject
Project("{9A19103F-16F7-4668-BE54-9A1E7A4F7556}") = "ModuloInformacoesCadastrais.CrossCutting", "ModuloInformacoesCadastrais.CrossCutting\ModuloInformacoesCadastrais.CrossCutting.csproj", "{AA136649-FC20-4BB1-BBA7-92B427BA2D12}"
EndProject
Project("{9A19103F-16F7-4668-BE54-9A1E7A4F7556}") = "ModuloInformacoesCadastrais.Infrastructure", "ModuloInformacoesCadastrais.Infrastructure\ModuloInformacoesCadastrais.Infrastructure.csproj", "{46333B4F-3CF4-4125-8C60-F52AEAF222EE}"
	ProjectSection(ProjectDependencies) = postProject
		{AA136649-FC20-4BB1-BBA7-92B427BA2D12} = {AA136649-FC20-4BB1-BBA7-92B427BA2D12}
		{EB0E0FB0-7DB9-435E-8101-2BA849CE9CAE} = {EB0E0FB0-7DB9-435E-8101-2BA849CE9CAE}
	EndProjectSection
EndProject
Project("{9A19103F-16F7-4668-BE54-9A1E7A4F7556}") = "ModuloInformacoesCadastrais.API", "ModuloInformacoesCadastrais.API\ModuloInformacoesCadastrais.API.csproj", "{3A008464-480C-4C79-AE56-8B31FAD72534}"
	ProjectSection(ProjectDependencies) = postProject
		{AA136649-FC20-4BB1-BBA7-92B427BA2D12} = {AA136649-FC20-4BB1-BBA7-92B427BA2D12}
		{EB0E0FB0-7DB9-435E-8101-2BA849CE9CAE} = {EB0E0FB0-7DB9-435E-8101-2BA849CE9CAE}
	EndProjectSection
EndProject
Global
	GlobalSection(SolutionConfigurationPlatforms) = preSolution
		Debug|Any CPU = Debug|Any CPU
		Release|Any CPU = Release|Any CPU
	EndGlobalSection
	GlobalSection(ProjectConfigurationPlatforms) = postSolution
		{EB0E0FB0-7DB9-435E-8101-2BA849CE9CAE}.Debug|Any CPU.ActiveCfg = Debug|Any CPU
		{EB0E0FB0-7DB9-435E-8101-2BA849CE9CAE}.Debug|Any CPU.Build.0 = Debug|Any CPU
		{EB0E0FB0-7DB9-435E-8101-2BA849CE9CAE}.Release|Any CPU.ActiveCfg = Release|Any CPU
		{EB0E0FB0-7DB9-435E-8101-2BA849CE9CAE}.Release|Any CPU.Build.0 = Release|Any CPU
		{AA136649-FC20-4BB1-BBA7-92B427BA2D12}.Debug|Any CPU.ActiveCfg = Debug|Any CPU
		{AA136649-FC20-4BB1-BBA7-92B427BA2D12}.Debug|Any CPU.Build.0 = Debug|Any CPU
		{AA136649-FC20-4BB1-BBA7-92B427BA2D12}.Release|Any CPU.ActiveCfg = Release|Any CPU
		{AA136649-FC20-4BB1-BBA7-92B427BA2D12}.Release|Any CPU.Build.0 = Release|Any CPU
		{46333B4F-3CF4-4125-8C60-F52AEAF222EE}.Debug|Any CPU.ActiveCfg = Debug|Any CPU
		{46333B4F-3CF4-4125-8C60-F52AEAF222EE}.Debug|Any CPU.Build.0 = Debug|Any CPU
		{46333B4F-3CF4-4125-8C60-F52AEAF222EE}.Release|Any CPU.ActiveCfg = Release|Any CPU
		{46333B4F-3CF4-4125-8C60-F52AEAF222EE}.Release|Any CPU.Build.0 = Release|Any CPU
		{3A008464-480C-4C79-AE56-8B31FAD72534}.Debug|Any CPU.ActiveCfg = Debug|Any CPU
		{3A008464-480C-4C79-AE56-8B31FAD72534}.Debug|Any CPU.Build.0 = Debug|Any CPU
		{3A008464-480C-4C79-AE56-8B31FAD72534}.Release|Any CPU.ActiveCfg = Release|Any CPU
		{3A008464-480C-4C79-AE56-8B31FAD72534}.Release|Any CPU.Build.0 = Release|Any CPU
	EndGlobalSection
	GlobalSection(SolutionProperties) = preSolution
		HideSolutionNode = FALSE
	EndGlobalSection
	GlobalSection(ExtensibilityGlobals) = postSolution
		SolutionGuid = {20DC06E2-F197-4F83-8043-88DE080839A2}
	EndGlobalSection
EndGlobal
