
Microsoft Visual Studio Solution File, Format Version 12.00
# Visual Studio Version 17
VisualStudioVersion = 17.1.32210.238
MinimumVisualStudioVersion = 10.0.40219.1
Project("{9A19103F-16F7-4668-BE54-9A1E7A4F7556}") = "ModuloInformacoesCadastrais.Domain", "ModuloInformacoesCadastrais.Domain\ModuloInformacoesCadastrais.Domain.csproj", "{EB0E0FB0-7DB9-435E-8101-2BA849CE9CAE}"
EndProject
Project("{9A19103F-16F7-4668-BE54-9A1E7A4F7556}") = "ModuloInformacoesCadastrais.API", "ModuloInformacoesCadastrais.API\ModuloInformacoesCadastrais.API.csproj", "{3A008464-480C-4C79-AE56-8B31FAD72534}"
	ProjectSection(ProjectDependencies) = postProject
		{EB0E0FB0-7DB9-435E-8101-2BA849CE9CAE} = {EB0E0FB0-7DB9-435E-8101-2BA849CE9CAE}
	EndProjectSection
EndProject
Project("{9A19103F-16F7-4668-BE54-9A1E7A4F7556}") = "ModuloInformacoesCadastrais.Application", "ModuloInformacoesCadastrais.Application\ModuloInformacoesCadastrais.Application.csproj", "{A7CC954B-C946-4FA7-A6D5-40EFF85F1CA4}"
EndProject
Project("{9A19103F-16F7-4668-BE54-9A1E7A4F7556}") = "ModuloInformacoesCadastrais.Infra.Data", "ModuloInformacoesCadastrais.Infra.Data\ModuloInformacoesCadastrais.Infra.Data.csproj", "{6C6BC9F8-38FC-4189-907E-33D48168FB6B}"
EndProject
Project("{FAE04EC0-301F-11D3-BF4B-00C04F79EFBC}") = "ModuloInformacoesCadastrais.Infra.IoC", "ModuloInformacoesCadastrais.Infra.IoC\ModuloInformacoesCadastrais.Infra.IoC.csproj", "{08A13162-C281-4D57-B791-7D055D605B87}"
EndProject
Global
	GlobalSection(SolutionConfigurationPlatforms) = preSolution
		Debug|Any CPU = Debug|Any CPU
		Release|Any CPU = Release|Any CPU
	EndGlobalSection
	GlobalSection(ProjectConfigurationPlatforms) = postSolution
		{EB0E0FB0-7DB9-435E-8101-2BA849CE9CAE}.Debug|Any CPU.ActiveCfg = Debug|Any CPU
		{EB0E0FB0-7DB9-435E-8101-2BA849CE9CAE}.Debug|Any CPU.Build.0 = Debug|Any CPU
		{EB0E0FB0-7DB9-435E-8101-2BA849CE9CAE}.Release|Any CPU.ActiveCfg = Release|Any CPU
		{EB0E0FB0-7DB9-435E-8101-2BA849CE9CAE}.Release|Any CPU.Build.0 = Release|Any CPU
		{3A008464-480C-4C79-AE56-8B31FAD72534}.Debug|Any CPU.ActiveCfg = Debug|Any CPU
		{3A008464-480C-4C79-AE56-8B31FAD72534}.Debug|Any CPU.Build.0 = Debug|Any CPU
		{3A008464-480C-4C79-AE56-8B31FAD72534}.Release|Any CPU.ActiveCfg = Release|Any CPU
		{3A008464-480C-4C79-AE56-8B31FAD72534}.Release|Any CPU.Build.0 = Release|Any CPU
		{A7CC954B-C946-4FA7-A6D5-40EFF85F1CA4}.Debug|Any CPU.ActiveCfg = Debug|Any CPU
		{A7CC954B-C946-4FA7-A6D5-40EFF85F1CA4}.Debug|Any CPU.Build.0 = Debug|Any CPU
		{A7CC954B-C946-4FA7-A6D5-40EFF85F1CA4}.Release|Any CPU.ActiveCfg = Release|Any CPU
		{A7CC954B-C946-4FA7-A6D5-40EFF85F1CA4}.Release|Any CPU.Build.0 = Release|Any CPU
		{6C6BC9F8-38FC-4189-907E-33D48168FB6B}.Debug|Any CPU.ActiveCfg = Debug|Any CPU
		{6C6BC9F8-38FC-4189-907E-33D48168FB6B}.Debug|Any CPU.Build.0 = Debug|Any CPU
		{6C6BC9F8-38FC-4189-907E-33D48168FB6B}.Release|Any CPU.ActiveCfg = Release|Any CPU
		{6C6BC9F8-38FC-4189-907E-33D48168FB6B}.Release|Any CPU.Build.0 = Release|Any CPU
		{08A13162-C281-4D57-B791-7D055D605B87}.Debug|Any CPU.ActiveCfg = Debug|Any CPU
		{08A13162-C281-4D57-B791-7D055D605B87}.Debug|Any CPU.Build.0 = Debug|Any CPU
		{08A13162-C281-4D57-B791-7D055D605B87}.Release|Any CPU.ActiveCfg = Release|Any CPU
		{08A13162-C281-4D57-B791-7D055D605B87}.Release|Any CPU.Build.0 = Release|Any CPU
	EndGlobalSection
	GlobalSection(SolutionProperties) = preSolution
		HideSolutionNode = FALSE
	EndGlobalSection
	GlobalSection(ExtensibilityGlobals) = postSolution
		SolutionGuid = {20DC06E2-F197-4F83-8043-88DE080839A2}
	EndGlobalSection
EndGlobal
